// !$*UTF8*$!
{
	archiveVersion = 1;
	classes = {
	};
	objectVersion = 56;
	objects = {

/* Begin PBXBuildFile section */
		AE346639292A8C580075CA7E /* UIViewController+Extensions.swift in Sources */ = {isa = PBXBuildFile; fileRef = AE346638292A8C580075CA7E /* UIViewController+Extensions.swift */; };
		AE34663B292A962F0075CA7E /* SkeletonCell.swift in Sources */ = {isa = PBXBuildFile; fileRef = AE34663A292A962F0075CA7E /* SkeletonCell.swift */; };
		AE34663D292FB3CA0075CA7E /* CurrencyDetailsViewController.swift in Sources */ = {isa = PBXBuildFile; fileRef = AE34663C292FB3CA0075CA7E /* CurrencyDetailsViewController.swift */; };
		AE7C03DD2934E4B6002172B6 /* CurrencyChartViewModel.swift in Sources */ = {isa = PBXBuildFile; fileRef = AE7C03DC2934E4B6002172B6 /* CurrencyChartViewModel.swift */; };
		AE7C03DF2934E865002172B6 /* Chart.swift in Sources */ = {isa = PBXBuildFile; fileRef = AE7C03DE2934E864002172B6 /* Chart.swift */; };
		AE7C03E729350259002172B6 /* BalloonMarker.swift in Sources */ = {isa = PBXBuildFile; fileRef = AE7C03E629350259002172B6 /* BalloonMarker.swift */; };
		AE7C03E92935257F002172B6 /* ChartView.swift in Sources */ = {isa = PBXBuildFile; fileRef = AE7C03E82935257F002172B6 /* ChartView.swift */; };
		AEEB1950291C26CB00EA3E50 /* AppDelegate.swift in Sources */ = {isa = PBXBuildFile; fileRef = AEEB194F291C26CB00EA3E50 /* AppDelegate.swift */; };
		AEEB1952291C26CB00EA3E50 /* SceneDelegate.swift in Sources */ = {isa = PBXBuildFile; fileRef = AEEB1951291C26CB00EA3E50 /* SceneDelegate.swift */; };
		AEEB1954291C26CB00EA3E50 /* CurrencyListViewController.swift in Sources */ = {isa = PBXBuildFile; fileRef = AEEB1953291C26CB00EA3E50 /* CurrencyListViewController.swift */; };
		AEEB1959291C26CC00EA3E50 /* Assets.xcassets in Resources */ = {isa = PBXBuildFile; fileRef = AEEB1958291C26CC00EA3E50 /* Assets.xcassets */; };
		AEEB195C291C26CC00EA3E50 /* LaunchScreen.storyboard in Resources */ = {isa = PBXBuildFile; fileRef = AEEB195A291C26CC00EA3E50 /* LaunchScreen.storyboard */; };
		AEF882AC2920076800F27D6E /* Constants.swift in Sources */ = {isa = PBXBuildFile; fileRef = AEF882AB2920076800F27D6E /* Constants.swift */; };
		AEF882AE2922C01A00F27D6E /* APIManager.swift in Sources */ = {isa = PBXBuildFile; fileRef = AEF882AD2922C01A00F27D6E /* APIManager.swift */; };
		AEF882B02923EE6E00F27D6E /* ExchangeRatesTable.swift in Sources */ = {isa = PBXBuildFile; fileRef = AEF882AF2923EE6E00F27D6E /* ExchangeRatesTable.swift */; };
		AEF882B22923F6C200F27D6E /* CurrencyListViewModel.swift in Sources */ = {isa = PBXBuildFile; fileRef = AEF882B12923F6C200F27D6E /* CurrencyListViewModel.swift */; };
		AEF882B42923FF2F00F27D6E /* Double+Extensions.swift in Sources */ = {isa = PBXBuildFile; fileRef = AEF882B32923FF2F00F27D6E /* Double+Extensions.swift */; };
		AEF882B62924281300F27D6E /* UIView+Extensions.swift in Sources */ = {isa = PBXBuildFile; fileRef = AEF882B52924281300F27D6E /* UIView+Extensions.swift */; };
		AEF882B829247FC800F27D6E /* CurrencyListTableViewCell.swift in Sources */ = {isa = PBXBuildFile; fileRef = AEF882B729247FC800F27D6E /* CurrencyListTableViewCell.swift */; };
		AEF882BC2924817A00F27D6E /* FlagView.swift in Sources */ = {isa = PBXBuildFile; fileRef = AEF882BB2924817A00F27D6E /* FlagView.swift */; };
		AEF882C0292491B100F27D6E /* PercentageChangeView.swift in Sources */ = {isa = PBXBuildFile; fileRef = AEF882BF292491B100F27D6E /* PercentageChangeView.swift */; };
		B7ECEF85A9D398D12B2CC143 /* Pods_Currency_UIKit.framework in Frameworks */ = {isa = PBXBuildFile; fileRef = 3D2B06A096A57B680EE7F11A /* Pods_Currency_UIKit.framework */; };
/* End PBXBuildFile section */

/* Begin PBXFileReference section */
		2ECB8812C5E6CAE9A9019265 /* Pods-Currency-UIKit.release.xcconfig */ = {isa = PBXFileReference; includeInIndex = 1; lastKnownFileType = text.xcconfig; name = "Pods-Currency-UIKit.release.xcconfig"; path = "Target Support Files/Pods-Currency-UIKit/Pods-Currency-UIKit.release.xcconfig"; sourceTree = "<group>"; };
		3D2B06A096A57B680EE7F11A /* Pods_Currency_UIKit.framework */ = {isa = PBXFileReference; explicitFileType = wrapper.framework; includeInIndex = 0; path = Pods_Currency_UIKit.framework; sourceTree = BUILT_PRODUCTS_DIR; };
		63290B37284BBA13B9E37586 /* Pods-Currency-UIKit.debug.xcconfig */ = {isa = PBXFileReference; includeInIndex = 1; lastKnownFileType = text.xcconfig; name = "Pods-Currency-UIKit.debug.xcconfig"; path = "Target Support Files/Pods-Currency-UIKit/Pods-Currency-UIKit.debug.xcconfig"; sourceTree = "<group>"; };
		AE346638292A8C580075CA7E /* UIViewController+Extensions.swift */ = {isa = PBXFileReference; lastKnownFileType = sourcecode.swift; path = "UIViewController+Extensions.swift"; sourceTree = "<group>"; };
		AE34663A292A962F0075CA7E /* SkeletonCell.swift */ = {isa = PBXFileReference; lastKnownFileType = sourcecode.swift; path = SkeletonCell.swift; sourceTree = "<group>"; };
		AE34663C292FB3CA0075CA7E /* CurrencyDetailsViewController.swift */ = {isa = PBXFileReference; lastKnownFileType = sourcecode.swift; path = CurrencyDetailsViewController.swift; sourceTree = "<group>"; };
		AE7C03DC2934E4B6002172B6 /* CurrencyChartViewModel.swift */ = {isa = PBXFileReference; lastKnownFileType = sourcecode.swift; path = CurrencyChartViewModel.swift; sourceTree = "<group>"; };
		AE7C03DE2934E864002172B6 /* Chart.swift */ = {isa = PBXFileReference; lastKnownFileType = sourcecode.swift; path = Chart.swift; sourceTree = "<group>"; };
		AE7C03E629350259002172B6 /* BalloonMarker.swift */ = {isa = PBXFileReference; lastKnownFileType = sourcecode.swift; path = BalloonMarker.swift; sourceTree = "<group>"; };
		AE7C03E82935257F002172B6 /* ChartView.swift */ = {isa = PBXFileReference; lastKnownFileType = sourcecode.swift; path = ChartView.swift; sourceTree = "<group>"; };
		AEEB194C291C26CB00EA3E50 /* Currency-UIKit.app */ = {isa = PBXFileReference; explicitFileType = wrapper.application; includeInIndex = 0; path = "Currency-UIKit.app"; sourceTree = BUILT_PRODUCTS_DIR; };
		AEEB194F291C26CB00EA3E50 /* AppDelegate.swift */ = {isa = PBXFileReference; lastKnownFileType = sourcecode.swift; path = AppDelegate.swift; sourceTree = "<group>"; };
		AEEB1951291C26CB00EA3E50 /* SceneDelegate.swift */ = {isa = PBXFileReference; lastKnownFileType = sourcecode.swift; path = SceneDelegate.swift; sourceTree = "<group>"; };
		AEEB1953291C26CB00EA3E50 /* CurrencyListViewController.swift */ = {isa = PBXFileReference; lastKnownFileType = sourcecode.swift; path = CurrencyListViewController.swift; sourceTree = "<group>"; };
		AEEB1958291C26CC00EA3E50 /* Assets.xcassets */ = {isa = PBXFileReference; lastKnownFileType = folder.assetcatalog; path = Assets.xcassets; sourceTree = "<group>"; };
		AEEB195B291C26CC00EA3E50 /* Base */ = {isa = PBXFileReference; lastKnownFileType = file.storyboard; name = Base; path = Base.lproj/LaunchScreen.storyboard; sourceTree = "<group>"; };
		AEEB195D291C26CC00EA3E50 /* Info.plist */ = {isa = PBXFileReference; lastKnownFileType = text.plist.xml; path = Info.plist; sourceTree = "<group>"; };
		AEF882AB2920076800F27D6E /* Constants.swift */ = {isa = PBXFileReference; lastKnownFileType = sourcecode.swift; path = Constants.swift; sourceTree = "<group>"; };
		AEF882AD2922C01A00F27D6E /* APIManager.swift */ = {isa = PBXFileReference; lastKnownFileType = sourcecode.swift; path = APIManager.swift; sourceTree = "<group>"; };
		AEF882AF2923EE6E00F27D6E /* ExchangeRatesTable.swift */ = {isa = PBXFileReference; lastKnownFileType = sourcecode.swift; path = ExchangeRatesTable.swift; sourceTree = "<group>"; };
		AEF882B12923F6C200F27D6E /* CurrencyListViewModel.swift */ = {isa = PBXFileReference; lastKnownFileType = sourcecode.swift; path = CurrencyListViewModel.swift; sourceTree = "<group>"; };
		AEF882B32923FF2F00F27D6E /* Double+Extensions.swift */ = {isa = PBXFileReference; lastKnownFileType = sourcecode.swift; path = "Double+Extensions.swift"; sourceTree = "<group>"; };
		AEF882B52924281300F27D6E /* UIView+Extensions.swift */ = {isa = PBXFileReference; lastKnownFileType = sourcecode.swift; path = "UIView+Extensions.swift"; sourceTree = "<group>"; };
		AEF882B729247FC800F27D6E /* CurrencyListTableViewCell.swift */ = {isa = PBXFileReference; lastKnownFileType = sourcecode.swift; path = CurrencyListTableViewCell.swift; sourceTree = "<group>"; };
		AEF882BB2924817A00F27D6E /* FlagView.swift */ = {isa = PBXFileReference; lastKnownFileType = sourcecode.swift; path = FlagView.swift; sourceTree = "<group>"; };
		AEF882BF292491B100F27D6E /* PercentageChangeView.swift */ = {isa = PBXFileReference; lastKnownFileType = sourcecode.swift; path = PercentageChangeView.swift; sourceTree = "<group>"; };
/* End PBXFileReference section */

/* Begin PBXFrameworksBuildPhase section */
		AEEB1949291C26CB00EA3E50 /* Frameworks */ = {
			isa = PBXFrameworksBuildPhase;
			buildActionMask = 2147483647;
			files = (
				B7ECEF85A9D398D12B2CC143 /* Pods_Currency_UIKit.framework in Frameworks */,
			);
			runOnlyForDeploymentPostprocessing = 0;
		};
/* End PBXFrameworksBuildPhase section */

/* Begin PBXGroup section */
		AEEB1943291C26CB00EA3E50 = {
			isa = PBXGroup;
			children = (
				AEEB194E291C26CB00EA3E50 /* Currency-UIKit */,
				AEEB194D291C26CB00EA3E50 /* Products */,
				D5913D6B3F2D95835F7CACE2 /* Pods */,
				F7DF6F4C3A9A39073582EB71 /* Frameworks */,
			);
			sourceTree = "<group>";
		};
		AEEB194D291C26CB00EA3E50 /* Products */ = {
			isa = PBXGroup;
			children = (
				AEEB194C291C26CB00EA3E50 /* Currency-UIKit.app */,
			);
			name = Products;
			sourceTree = "<group>";
		};
		AEEB194E291C26CB00EA3E50 /* Currency-UIKit */ = {
			isa = PBXGroup;
			children = (
				AEF882A4292004BC00F27D6E /* Other */,
				AEF882A5292004C200F27D6E /* Extensions */,
				AEF882A6292004C600F27D6E /* Managers */,
				AEF882A7292004CA00F27D6E /* Models */,
				AEF882A8292004CE00F27D6E /* ViewModels */,
				AEF882A9292004D200F27D6E /* ViewControllers */,
				AEF882AA292004D800F27D6E /* Views */,
				AEEB1958291C26CC00EA3E50 /* Assets.xcassets */,
				AEEB195D291C26CC00EA3E50 /* Info.plist */,
			);
			path = "Currency-UIKit";
			sourceTree = "<group>";
		};
		AEF882A4292004BC00F27D6E /* Other */ = {
			isa = PBXGroup;
			children = (
				AEEB194F291C26CB00EA3E50 /* AppDelegate.swift */,
				AEEB1951291C26CB00EA3E50 /* SceneDelegate.swift */,
				AEF882AB2920076800F27D6E /* Constants.swift */,
			);
			path = Other;
			sourceTree = "<group>";
		};
		AEF882A5292004C200F27D6E /* Extensions */ = {
			isa = PBXGroup;
			children = (
				AEF882B32923FF2F00F27D6E /* Double+Extensions.swift */,
				AEF882B52924281300F27D6E /* UIView+Extensions.swift */,
				AE346638292A8C580075CA7E /* UIViewController+Extensions.swift */,
			);
			path = Extensions;
			sourceTree = "<group>";
		};
		AEF882A6292004C600F27D6E /* Managers */ = {
			isa = PBXGroup;
			children = (
				AEF882AD2922C01A00F27D6E /* APIManager.swift */,
			);
			path = Managers;
			sourceTree = "<group>";
		};
		AEF882A7292004CA00F27D6E /* Models */ = {
			isa = PBXGroup;
			children = (
				AEF882AF2923EE6E00F27D6E /* ExchangeRatesTable.swift */,
				AE7C03DE2934E864002172B6 /* Chart.swift */,
			);
			path = Models;
			sourceTree = "<group>";
		};
		AEF882A8292004CE00F27D6E /* ViewModels */ = {
			isa = PBXGroup;
			children = (
				AEF882B12923F6C200F27D6E /* CurrencyListViewModel.swift */,
				AE7C03DC2934E4B6002172B6 /* CurrencyChartViewModel.swift */,
			);
			path = ViewModels;
			sourceTree = "<group>";
		};
		AEF882A9292004D200F27D6E /* ViewControllers */ = {
			isa = PBXGroup;
			children = (
				AEEB1953291C26CB00EA3E50 /* CurrencyListViewController.swift */,
				AE34663C292FB3CA0075CA7E /* CurrencyDetailsViewController.swift */,
			);
			path = ViewControllers;
			sourceTree = "<group>";
		};
		AEF882AA292004D800F27D6E /* Views */ = {
			isa = PBXGroup;
			children = (
				AE7C03E82935257F002172B6 /* ChartView.swift */,
				AEF882BB2924817A00F27D6E /* FlagView.swift */,
				AEF882BF292491B100F27D6E /* PercentageChangeView.swift */,
				AE7C03E629350259002172B6 /* BalloonMarker.swift */,
				AEF882B92924814400F27D6E /* Cells */,
				AEEB195A291C26CC00EA3E50 /* LaunchScreen.storyboard */,
			);
			path = Views;
			sourceTree = "<group>";
		};
		AEF882B92924814400F27D6E /* Cells */ = {
			isa = PBXGroup;
			children = (
				AEF882B729247FC800F27D6E /* CurrencyListTableViewCell.swift */,
				AE34663A292A962F0075CA7E /* SkeletonCell.swift */,
			);
			path = Cells;
			sourceTree = "<group>";
		};
		D5913D6B3F2D95835F7CACE2 /* Pods */ = {
			isa = PBXGroup;
			children = (
				63290B37284BBA13B9E37586 /* Pods-Currency-UIKit.debug.xcconfig */,
				2ECB8812C5E6CAE9A9019265 /* Pods-Currency-UIKit.release.xcconfig */,
			);
			path = Pods;
			sourceTree = "<group>";
		};
		F7DF6F4C3A9A39073582EB71 /* Frameworks */ = {
			isa = PBXGroup;
			children = (
				3D2B06A096A57B680EE7F11A /* Pods_Currency_UIKit.framework */,
			);
			name = Frameworks;
			sourceTree = "<group>";
		};
/* End PBXGroup section */

/* Begin PBXNativeTarget section */
		AEEB194B291C26CB00EA3E50 /* Currency-UIKit */ = {
			isa = PBXNativeTarget;
			buildConfigurationList = AEEB1960291C26CC00EA3E50 /* Build configuration list for PBXNativeTarget "Currency-UIKit" */;
			buildPhases = (
				34E1AAD5A62E21D2B1AB6866 /* [CP] Check Pods Manifest.lock */,
				AEEB1948291C26CB00EA3E50 /* Sources */,
				AEEB1949291C26CB00EA3E50 /* Frameworks */,
				AEEB194A291C26CB00EA3E50 /* Resources */,
				052D0ED1F6A352C3E6FE6425 /* [CP] Embed Pods Frameworks */,
			);
			buildRules = (
			);
			dependencies = (
			);
			name = "Currency-UIKit";
			productName = "Currency-UIKit";
			productReference = AEEB194C291C26CB00EA3E50 /* Currency-UIKit.app */;
			productType = "com.apple.product-type.application";
		};
/* End PBXNativeTarget section */

/* Begin PBXProject section */
		AEEB1944291C26CB00EA3E50 /* Project object */ = {
			isa = PBXProject;
			attributes = {
				BuildIndependentTargetsInParallel = 1;
				LastSwiftUpdateCheck = 1410;
				LastUpgradeCheck = 1410;
				TargetAttributes = {
					AEEB194B291C26CB00EA3E50 = {
						CreatedOnToolsVersion = 14.1;
					};
				};
			};
			buildConfigurationList = AEEB1947291C26CB00EA3E50 /* Build configuration list for PBXProject "Currency-UIKit" */;
			compatibilityVersion = "Xcode 14.0";
			developmentRegion = en;
			hasScannedForEncodings = 0;
			knownRegions = (
				en,
				Base,
			);
			mainGroup = AEEB1943291C26CB00EA3E50;
			productRefGroup = AEEB194D291C26CB00EA3E50 /* Products */;
			projectDirPath = "";
			projectRoot = "";
			targets = (
				AEEB194B291C26CB00EA3E50 /* Currency-UIKit */,
			);
		};
/* End PBXProject section */

/* Begin PBXResourcesBuildPhase section */
		AEEB194A291C26CB00EA3E50 /* Resources */ = {
			isa = PBXResourcesBuildPhase;
			buildActionMask = 2147483647;
			files = (
				AEEB195C291C26CC00EA3E50 /* LaunchScreen.storyboard in Resources */,
				AEEB1959291C26CC00EA3E50 /* Assets.xcassets in Resources */,
			);
			runOnlyForDeploymentPostprocessing = 0;
		};
/* End PBXResourcesBuildPhase section */

/* Begin PBXShellScriptBuildPhase section */
		052D0ED1F6A352C3E6FE6425 /* [CP] Embed Pods Frameworks */ = {
			isa = PBXShellScriptBuildPhase;
			buildActionMask = 2147483647;
			files = (
			);
			inputFileListPaths = (
				"${PODS_ROOT}/Target Support Files/Pods-Currency-UIKit/Pods-Currency-UIKit-frameworks-${CONFIGURATION}-input-files.xcfilelist",
			);
			name = "[CP] Embed Pods Frameworks";
			outputFileListPaths = (
				"${PODS_ROOT}/Target Support Files/Pods-Currency-UIKit/Pods-Currency-UIKit-frameworks-${CONFIGURATION}-output-files.xcfilelist",
			);
			runOnlyForDeploymentPostprocessing = 0;
			shellPath = /bin/sh;
			shellScript = "\"${PODS_ROOT}/Target Support Files/Pods-Currency-UIKit/Pods-Currency-UIKit-frameworks.sh\"\n";
			showEnvVarsInLog = 0;
		};
		34E1AAD5A62E21D2B1AB6866 /* [CP] Check Pods Manifest.lock */ = {
			isa = PBXShellScriptBuildPhase;
			buildActionMask = 2147483647;
			files = (
			);
			inputFileListPaths = (
			);
			inputPaths = (
				"${PODS_PODFILE_DIR_PATH}/Podfile.lock",
				"${PODS_ROOT}/Manifest.lock",
			);
			name = "[CP] Check Pods Manifest.lock";
			outputFileListPaths = (
			);
			outputPaths = (
				"$(DERIVED_FILE_DIR)/Pods-Currency-UIKit-checkManifestLockResult.txt",
			);
			runOnlyForDeploymentPostprocessing = 0;
			shellPath = /bin/sh;
			shellScript = "diff \"${PODS_PODFILE_DIR_PATH}/Podfile.lock\" \"${PODS_ROOT}/Manifest.lock\" > /dev/null\nif [ $? != 0 ] ; then\n    # print error to STDERR\n    echo \"error: The sandbox is not in sync with the Podfile.lock. Run 'pod install' or update your CocoaPods installation.\" >&2\n    exit 1\nfi\n# This output is used by Xcode 'outputs' to avoid re-running this script phase.\necho \"SUCCESS\" > \"${SCRIPT_OUTPUT_FILE_0}\"\n";
			showEnvVarsInLog = 0;
		};
/* End PBXShellScriptBuildPhase section */

/* Begin PBXSourcesBuildPhase section */
		AEEB1948291C26CB00EA3E50 /* Sources */ = {
			isa = PBXSourcesBuildPhase;
			buildActionMask = 2147483647;
			files = (
				AE7C03DD2934E4B6002172B6 /* CurrencyChartViewModel.swift in Sources */,
				AEF882B42923FF2F00F27D6E /* Double+Extensions.swift in Sources */,
				AEEB1954291C26CB00EA3E50 /* CurrencyListViewController.swift in Sources */,
				AE7C03E92935257F002172B6 /* ChartView.swift in Sources */,
				AEF882B02923EE6E00F27D6E /* ExchangeRatesTable.swift in Sources */,
				AE34663D292FB3CA0075CA7E /* CurrencyDetailsViewController.swift in Sources */,
				AEF882B62924281300F27D6E /* UIView+Extensions.swift in Sources */,
				AEEB1950291C26CB00EA3E50 /* AppDelegate.swift in Sources */,
				AE7C03E729350259002172B6 /* BalloonMarker.swift in Sources */,
				AEF882AE2922C01A00F27D6E /* APIManager.swift in Sources */,
				AEEB1952291C26CB00EA3E50 /* SceneDelegate.swift in Sources */,
				AE346639292A8C580075CA7E /* UIViewController+Extensions.swift in Sources */,
				AE34663B292A962F0075CA7E /* SkeletonCell.swift in Sources */,
				AE7C03DF2934E865002172B6 /* Chart.swift in Sources */,
				AEF882BC2924817A00F27D6E /* FlagView.swift in Sources */,
				AEF882C0292491B100F27D6E /* PercentageChangeView.swift in Sources */,
				AEF882AC2920076800F27D6E /* Constants.swift in Sources */,
				AEF882B829247FC800F27D6E /* CurrencyListTableViewCell.swift in Sources */,
				AEF882B22923F6C200F27D6E /* CurrencyListViewModel.swift in Sources */,
			);
			runOnlyForDeploymentPostprocessing = 0;
		};
/* End PBXSourcesBuildPhase section */

/* Begin PBXVariantGroup section */
		AEEB195A291C26CC00EA3E50 /* LaunchScreen.storyboard */ = {
			isa = PBXVariantGroup;
			children = (
				AEEB195B291C26CC00EA3E50 /* Base */,
			);
			name = LaunchScreen.storyboard;
			sourceTree = "<group>";
		};
/* End PBXVariantGroup section */

/* Begin XCBuildConfiguration section */
		AEEB195E291C26CC00EA3E50 /* Debug */ = {
			isa = XCBuildConfiguration;
			buildSettings = {
				ALWAYS_SEARCH_USER_PATHS = NO;
				CLANG_ANALYZER_NONNULL = YES;
				CLANG_ANALYZER_NUMBER_OBJECT_CONVERSION = YES_AGGRESSIVE;
				CLANG_CXX_LANGUAGE_STANDARD = "gnu++20";
				CLANG_ENABLE_MODULES = YES;
				CLANG_ENABLE_OBJC_ARC = YES;
				CLANG_ENABLE_OBJC_WEAK = YES;
				CLANG_WARN_BLOCK_CAPTURE_AUTORELEASING = YES;
				CLANG_WARN_BOOL_CONVERSION = YES;
				CLANG_WARN_COMMA = YES;
				CLANG_WARN_CONSTANT_CONVERSION = YES;
				CLANG_WARN_DEPRECATED_OBJC_IMPLEMENTATIONS = YES;
				CLANG_WARN_DIRECT_OBJC_ISA_USAGE = YES_ERROR;
				CLANG_WARN_DOCUMENTATION_COMMENTS = YES;
				CLANG_WARN_EMPTY_BODY = YES;
				CLANG_WARN_ENUM_CONVERSION = YES;
				CLANG_WARN_INFINITE_RECURSION = YES;
				CLANG_WARN_INT_CONVERSION = YES;
				CLANG_WARN_NON_LITERAL_NULL_CONVERSION = YES;
				CLANG_WARN_OBJC_IMPLICIT_RETAIN_SELF = YES;
				CLANG_WARN_OBJC_LITERAL_CONVERSION = YES;
				CLANG_WARN_OBJC_ROOT_CLASS = YES_ERROR;
				CLANG_WARN_QUOTED_INCLUDE_IN_FRAMEWORK_HEADER = YES;
				CLANG_WARN_RANGE_LOOP_ANALYSIS = YES;
				CLANG_WARN_STRICT_PROTOTYPES = YES;
				CLANG_WARN_SUSPICIOUS_MOVE = YES;
				CLANG_WARN_UNGUARDED_AVAILABILITY = YES_AGGRESSIVE;
				CLANG_WARN_UNREACHABLE_CODE = YES;
				CLANG_WARN__DUPLICATE_METHOD_MATCH = YES;
				COPY_PHASE_STRIP = NO;
				DEBUG_INFORMATION_FORMAT = dwarf;
				ENABLE_STRICT_OBJC_MSGSEND = YES;
				ENABLE_TESTABILITY = YES;
				GCC_C_LANGUAGE_STANDARD = gnu11;
				GCC_DYNAMIC_NO_PIC = NO;
				GCC_NO_COMMON_BLOCKS = YES;
				GCC_OPTIMIZATION_LEVEL = 0;
				GCC_PREPROCESSOR_DEFINITIONS = (
					"DEBUG=1",
					"$(inherited)",
				);
				GCC_WARN_64_TO_32_BIT_CONVERSION = YES;
				GCC_WARN_ABOUT_RETURN_TYPE = YES_ERROR;
				GCC_WARN_UNDECLARED_SELECTOR = YES;
				GCC_WARN_UNINITIALIZED_AUTOS = YES_AGGRESSIVE;
				GCC_WARN_UNUSED_FUNCTION = YES;
				GCC_WARN_UNUSED_VARIABLE = YES;
				IPHONEOS_DEPLOYMENT_TARGET = 16.1;
				MTL_ENABLE_DEBUG_INFO = INCLUDE_SOURCE;
				MTL_FAST_MATH = YES;
				ONLY_ACTIVE_ARCH = YES;
				SDKROOT = iphoneos;
				SWIFT_ACTIVE_COMPILATION_CONDITIONS = DEBUG;
				SWIFT_OPTIMIZATION_LEVEL = "-Onone";
			};
			name = Debug;
		};
		AEEB195F291C26CC00EA3E50 /* Release */ = {
			isa = XCBuildConfiguration;
			buildSettings = {
				ALWAYS_SEARCH_USER_PATHS = NO;
				CLANG_ANALYZER_NONNULL = YES;
				CLANG_ANALYZER_NUMBER_OBJECT_CONVERSION = YES_AGGRESSIVE;
				CLANG_CXX_LANGUAGE_STANDARD = "gnu++20";
				CLANG_ENABLE_MODULES = YES;
				CLANG_ENABLE_OBJC_ARC = YES;
				CLANG_ENABLE_OBJC_WEAK = YES;
				CLANG_WARN_BLOCK_CAPTURE_AUTORELEASING = YES;
				CLANG_WARN_BOOL_CONVERSION = YES;
				CLANG_WARN_COMMA = YES;
				CLANG_WARN_CONSTANT_CONVERSION = YES;
				CLANG_WARN_DEPRECATED_OBJC_IMPLEMENTATIONS = YES;
				CLANG_WARN_DIRECT_OBJC_ISA_USAGE = YES_ERROR;
				CLANG_WARN_DOCUMENTATION_COMMENTS = YES;
				CLANG_WARN_EMPTY_BODY = YES;
				CLANG_WARN_ENUM_CONVERSION = YES;
				CLANG_WARN_INFINITE_RECURSION = YES;
				CLANG_WARN_INT_CONVERSION = YES;
				CLANG_WARN_NON_LITERAL_NULL_CONVERSION = YES;
				CLANG_WARN_OBJC_IMPLICIT_RETAIN_SELF = YES;
				CLANG_WARN_OBJC_LITERAL_CONVERSION = YES;
				CLANG_WARN_OBJC_ROOT_CLASS = YES_ERROR;
				CLANG_WARN_QUOTED_INCLUDE_IN_FRAMEWORK_HEADER = YES;
				CLANG_WARN_RANGE_LOOP_ANALYSIS = YES;
				CLANG_WARN_STRICT_PROTOTYPES = YES;
				CLANG_WARN_SUSPICIOUS_MOVE = YES;
				CLANG_WARN_UNGUARDED_AVAILABILITY = YES_AGGRESSIVE;
				CLANG_WARN_UNREACHABLE_CODE = YES;
				CLANG_WARN__DUPLICATE_METHOD_MATCH = YES;
				COPY_PHASE_STRIP = NO;
				DEBUG_INFORMATION_FORMAT = "dwarf-with-dsym";
				ENABLE_NS_ASSERTIONS = NO;
				ENABLE_STRICT_OBJC_MSGSEND = YES;
				GCC_C_LANGUAGE_STANDARD = gnu11;
				GCC_NO_COMMON_BLOCKS = YES;
				GCC_WARN_64_TO_32_BIT_CONVERSION = YES;
				GCC_WARN_ABOUT_RETURN_TYPE = YES_ERROR;
				GCC_WARN_UNDECLARED_SELECTOR = YES;
				GCC_WARN_UNINITIALIZED_AUTOS = YES_AGGRESSIVE;
				GCC_WARN_UNUSED_FUNCTION = YES;
				GCC_WARN_UNUSED_VARIABLE = YES;
				IPHONEOS_DEPLOYMENT_TARGET = 16.1;
				MTL_ENABLE_DEBUG_INFO = NO;
				MTL_FAST_MATH = YES;
				SDKROOT = iphoneos;
				SWIFT_COMPILATION_MODE = wholemodule;
				SWIFT_OPTIMIZATION_LEVEL = "-O";
				VALIDATE_PRODUCT = YES;
			};
			name = Release;
		};
		AEEB1961291C26CC00EA3E50 /* Debug */ = {
			isa = XCBuildConfiguration;
			baseConfigurationReference = 63290B37284BBA13B9E37586 /* Pods-Currency-UIKit.debug.xcconfig */;
			buildSettings = {
				ASSETCATALOG_COMPILER_APPICON_NAME = AppIcon;
				ASSETCATALOG_COMPILER_GLOBAL_ACCENT_COLOR_NAME = AccentColor;
				CODE_SIGN_STYLE = Automatic;
				CURRENT_PROJECT_VERSION = 1;
				DEVELOPMENT_TEAM = FJ44S5F9W6;
				GENERATE_INFOPLIST_FILE = YES;
				INFOPLIST_FILE = "Currency-UIKit/Info.plist";
				INFOPLIST_KEY_UIApplicationSupportsIndirectInputEvents = YES;
				INFOPLIST_KEY_UILaunchStoryboardName = LaunchScreen;
				INFOPLIST_KEY_UIStatusBarStyle = UIStatusBarStyleDarkContent;
				INFOPLIST_KEY_UISupportedInterfaceOrientations = UIInterfaceOrientationPortrait;
				INFOPLIST_KEY_UISupportedInterfaceOrientations_iPad = "UIInterfaceOrientationLandscapeLeft UIInterfaceOrientationLandscapeRight UIInterfaceOrientationPortraitUpsideDown";
				IPHONEOS_DEPLOYMENT_TARGET = 16.0;
				LD_RUNPATH_SEARCH_PATHS = (
					"$(inherited)",
					"@executable_path/Frameworks",
				);
				MARKETING_VERSION = 1.0;
				PRODUCT_BUNDLE_IDENTIFIER = "com.damiandu.Currency-UIKit";
				PRODUCT_NAME = "$(TARGET_NAME)";
				SWIFT_EMIT_LOC_STRINGS = YES;
				SWIFT_VERSION = 5.0;
				TARGETED_DEVICE_FAMILY = "1,2";
			};
			name = Debug;
		};
		AEEB1962291C26CC00EA3E50 /* Release */ = {
			isa = XCBuildConfiguration;
			baseConfigurationReference = 2ECB8812C5E6CAE9A9019265 /* Pods-Currency-UIKit.release.xcconfig */;
			buildSettings = {
				ASSETCATALOG_COMPILER_APPICON_NAME = AppIcon;
				ASSETCATALOG_COMPILER_GLOBAL_ACCENT_COLOR_NAME = AccentColor;
				CODE_SIGN_STYLE = Automatic;
				CURRENT_PROJECT_VERSION = 1;
				DEVELOPMENT_TEAM = FJ44S5F9W6;
				GENERATE_INFOPLIST_FILE = YES;
				INFOPLIST_FILE = "Currency-UIKit/Info.plist";
				INFOPLIST_KEY_UIApplicationSupportsIndirectInputEvents = YES;
				INFOPLIST_KEY_UILaunchStoryboardName = LaunchScreen;
				INFOPLIST_KEY_UIStatusBarStyle = UIStatusBarStyleDarkContent;
				INFOPLIST_KEY_UISupportedInterfaceOrientations = UIInterfaceOrientationPortrait;
				INFOPLIST_KEY_UISupportedInterfaceOrientations_iPad = "UIInterfaceOrientationLandscapeLeft UIInterfaceOrientationLandscapeRight UIInterfaceOrientationPortraitUpsideDown";
				IPHONEOS_DEPLOYMENT_TARGET = 16.0;
				LD_RUNPATH_SEARCH_PATHS = (
					"$(inherited)",
					"@executable_path/Frameworks",
				);
				MARKETING_VERSION = 1.0;
				PRODUCT_BUNDLE_IDENTIFIER = "com.damiandu.Currency-UIKit";
				PRODUCT_NAME = "$(TARGET_NAME)";
				SWIFT_EMIT_LOC_STRINGS = YES;
				SWIFT_VERSION = 5.0;
				TARGETED_DEVICE_FAMILY = "1,2";
			};
			name = Release;
		};
/* End XCBuildConfiguration section */

/* Begin XCConfigurationList section */
		AEEB1947291C26CB00EA3E50 /* Build configuration list for PBXProject "Currency-UIKit" */ = {
			isa = XCConfigurationList;
			buildConfigurations = (
				AEEB195E291C26CC00EA3E50 /* Debug */,
				AEEB195F291C26CC00EA3E50 /* Release */,
			);
			defaultConfigurationIsVisible = 0;
			defaultConfigurationName = Release;
		};
		AEEB1960291C26CC00EA3E50 /* Build configuration list for PBXNativeTarget "Currency-UIKit" */ = {
			isa = XCConfigurationList;
			buildConfigurations = (
				AEEB1961291C26CC00EA3E50 /* Debug */,
				AEEB1962291C26CC00EA3E50 /* Release */,
			);
			defaultConfigurationIsVisible = 0;
			defaultConfigurationName = Release;
		};
/* End XCConfigurationList section */
	};
	rootObject = AEEB1944291C26CB00EA3E50 /* Project object */;
}
